
Microsoft Visual Studio Solution File, Format Version 12.00
# Visual Studio Version 16
VisualStudioVersion = 16.0.29418.71
MinimumVisualStudioVersion = 10.0.40219.1
Project("{FAE04EC0-301F-11D3-BF4B-00C04F79EFBC}") = "RetoGeneracionK", "RetoGeneracionK\RetoGeneracionK.csproj", "{2D1EAF62-94FF-4FA8-A7CF-7F0168EBE003}"
EndProject
Global
	GlobalSection(SolutionConfigurationPlatforms) = preSolution
		Debug|Any CPU = Debug|Any CPU
		Release|Any CPU = Release|Any CPU
	EndGlobalSection
	GlobalSection(ProjectConfigurationPlatforms) = postSolution
		{2D1EAF62-94FF-4FA8-A7CF-7F0168EBE003}.Debug|Any CPU.ActiveCfg = Debug|Any CPU
		{2D1EAF62-94FF-4FA8-A7CF-7F0168EBE003}.Debug|Any CPU.Build.0 = Debug|Any CPU
		{2D1EAF62-94FF-4FA8-A7CF-7F0168EBE003}.Release|Any CPU.ActiveCfg = Release|Any CPU
		{2D1EAF62-94FF-4FA8-A7CF-7F0168EBE003}.Release|Any CPU.Build.0 = Release|Any CPU
	EndGlobalSection
	GlobalSection(SolutionProperties) = preSolution
		HideSolutionNode = FALSE
	EndGlobalSection
	GlobalSection(ExtensibilityGlobals) = postSolution
		SolutionGuid = {C1F0610F-D760-46DB-BEC0-0E4B34F5CF31}
	EndGlobalSection
EndGlobal
